// !$*UTF8*$!
{
	archiveVersion = 1;
	classes = {
	};
	objectVersion = 50;
	objects = {

/* Begin PBXBuildFile section */
		01617FD620EE6858007BBCF8 /* AppDelegate.swift in Sources */ = {isa = PBXBuildFile; fileRef = 01617FD520EE6858007BBCF8 /* AppDelegate.swift */; };
		01617FD820EE6858007BBCF8 /* ViewController.swift in Sources */ = {isa = PBXBuildFile; fileRef = 01617FD720EE6858007BBCF8 /* ViewController.swift */; };
		01617FDB20EE6858007BBCF8 /* Main.storyboard in Resources */ = {isa = PBXBuildFile; fileRef = 01617FD920EE6858007BBCF8 /* Main.storyboard */; };
		01617FDD20EE685A007BBCF8 /* Assets.xcassets in Resources */ = {isa = PBXBuildFile; fileRef = 01617FDC20EE685A007BBCF8 /* Assets.xcassets */; };
		01617FE020EE685A007BBCF8 /* LaunchScreen.storyboard in Resources */ = {isa = PBXBuildFile; fileRef = 01617FDE20EE685A007BBCF8 /* LaunchScreen.storyboard */; };
		0161800420EE68D9007BBCF8 /* BrainTests.swift in Sources */ = {isa = PBXBuildFile; fileRef = 0161800320EE68D9007BBCF8 /* BrainTests.swift */; };
		0161800620EE69C6007BBCF8 /* Brain.swift in Sources */ = {isa = PBXBuildFile; fileRef = 0161800520EE69C6007BBCF8 /* Brain.swift */; };
		0161800820EE6E57007BBCF8 /* GameTests.swift in Sources */ = {isa = PBXBuildFile; fileRef = 0161800720EE6E57007BBCF8 /* GameTests.swift */; };
		0161800A20EE6EA9007BBCF8 /* Game.swift in Sources */ = {isa = PBXBuildFile; fileRef = 0161800920EE6EA9007BBCF8 /* Game.swift */; };
		0161803120EE87CC007BBCF8 /* ViewControllerUnitTests.swift in Sources */ = {isa = PBXBuildFile; fileRef = 0161803020EE87CC007BBCF8 /* ViewControllerUnitTests.swift */; };
		0161803320EE8C3E007BBCF8 /* ViewControllerUITests.swift in Sources */ = {isa = PBXBuildFile; fileRef = 0161803220EE8C3E007BBCF8 /* ViewControllerUITests.swift */; };
		0161803520EE8F63007BBCF8 /* Move.swift in Sources */ = {isa = PBXBuildFile; fileRef = 0161803420EE8F63007BBCF8 /* Move.swift */; };
/* End PBXBuildFile section */

/* Begin PBXContainerItemProxy section */
		01617FE720EE685A007BBCF8 /* PBXContainerItemProxy */ = {
			isa = PBXContainerItemProxy;
			containerPortal = 01617FCA20EE6858007BBCF8 /* Project object */;
			proxyType = 1;
			remoteGlobalIDString = 01617FD120EE6858007BBCF8;
			remoteInfo = FizzBuzz;
		};
		01617FF220EE685A007BBCF8 /* PBXContainerItemProxy */ = {
			isa = PBXContainerItemProxy;
			containerPortal = 01617FCA20EE6858007BBCF8 /* Project object */;
			proxyType = 1;
			remoteGlobalIDString = 01617FD120EE6858007BBCF8;
			remoteInfo = FizzBuzz;
		};
/* End PBXContainerItemProxy section */

/* Begin PBXFileReference section */
		01617FD220EE6858007BBCF8 /* FizzBuzz.app */ = {isa = PBXFileReference; explicitFileType = wrapper.application; includeInIndex = 0; path = FizzBuzz.app; sourceTree = BUILT_PRODUCTS_DIR; };
		01617FD520EE6858007BBCF8 /* AppDelegate.swift */ = {isa = PBXFileReference; lastKnownFileType = sourcecode.swift; path = AppDelegate.swift; sourceTree = "<group>"; };
		01617FD720EE6858007BBCF8 /* ViewController.swift */ = {isa = PBXFileReference; lastKnownFileType = sourcecode.swift; path = ViewController.swift; sourceTree = "<group>"; };
		01617FDA20EE6858007BBCF8 /* Base */ = {isa = PBXFileReference; lastKnownFileType = file.storyboard; name = Base; path = Base.lproj/Main.storyboard; sourceTree = "<group>"; };
		01617FDC20EE685A007BBCF8 /* Assets.xcassets */ = {isa = PBXFileReference; lastKnownFileType = folder.assetcatalog; path = Assets.xcassets; sourceTree = "<group>"; };
		01617FDF20EE685A007BBCF8 /* Base */ = {isa = PBXFileReference; lastKnownFileType = file.storyboard; name = Base; path = Base.lproj/LaunchScreen.storyboard; sourceTree = "<group>"; };
		01617FE120EE685A007BBCF8 /* Info.plist */ = {isa = PBXFileReference; lastKnownFileType = text.plist.xml; path = Info.plist; sourceTree = "<group>"; };
		01617FE620EE685A007BBCF8 /* FizzBuzzTests.xctest */ = {isa = PBXFileReference; explicitFileType = wrapper.cfbundle; includeInIndex = 0; path = FizzBuzzTests.xctest; sourceTree = BUILT_PRODUCTS_DIR; };
		01617FEC20EE685A007BBCF8 /* Info.plist */ = {isa = PBXFileReference; lastKnownFileType = text.plist.xml; path = Info.plist; sourceTree = "<group>"; };
		01617FF120EE685A007BBCF8 /* FizzBuzzUITests.xctest */ = {isa = PBXFileReference; explicitFileType = wrapper.cfbundle; includeInIndex = 0; path = FizzBuzzUITests.xctest; sourceTree = BUILT_PRODUCTS_DIR; };
		01617FF720EE685A007BBCF8 /* Info.plist */ = {isa = PBXFileReference; lastKnownFileType = text.plist.xml; path = Info.plist; sourceTree = "<group>"; };
		0161800320EE68D9007BBCF8 /* BrainTests.swift */ = {isa = PBXFileReference; lastKnownFileType = sourcecode.swift; path = BrainTests.swift; sourceTree = "<group>"; };
		0161800520EE69C6007BBCF8 /* Brain.swift */ = {isa = PBXFileReference; lastKnownFileType = sourcecode.swift; path = Brain.swift; sourceTree = "<group>"; };
		0161800720EE6E57007BBCF8 /* GameTests.swift */ = {isa = PBXFileReference; lastKnownFileType = sourcecode.swift; path = GameTests.swift; sourceTree = "<group>"; };
		0161800920EE6EA9007BBCF8 /* Game.swift */ = {isa = PBXFileReference; lastKnownFileType = sourcecode.swift; path = Game.swift; sourceTree = "<group>"; };
		0161803020EE87CC007BBCF8 /* ViewControllerUnitTests.swift */ = {isa = PBXFileReference; lastKnownFileType = sourcecode.swift; path = ViewControllerUnitTests.swift; sourceTree = "<group>"; };
		0161803220EE8C3E007BBCF8 /* ViewControllerUITests.swift */ = {isa = PBXFileReference; lastKnownFileType = sourcecode.swift; path = ViewControllerUITests.swift; sourceTree = "<group>"; };
		0161803420EE8F63007BBCF8 /* Move.swift */ = {isa = PBXFileReference; lastKnownFileType = sourcecode.swift; path = Move.swift; sourceTree = "<group>"; };
/* End PBXFileReference section */

/* Begin PBXFrameworksBuildPhase section */
		01617FCF20EE6858007BBCF8 /* Frameworks */ = {
			isa = PBXFrameworksBuildPhase;
			buildActionMask = 2147483647;
			files = (
			);
			runOnlyForDeploymentPostprocessing = 0;
		};
		01617FE320EE685A007BBCF8 /* Frameworks */ = {
			isa = PBXFrameworksBuildPhase;
			buildActionMask = 2147483647;
			files = (
			);
			runOnlyForDeploymentPostprocessing = 0;
		};
		01617FEE20EE685A007BBCF8 /* Frameworks */ = {
			isa = PBXFrameworksBuildPhase;
			buildActionMask = 2147483647;
			files = (
			);
			runOnlyForDeploymentPostprocessing = 0;
		};
/* End PBXFrameworksBuildPhase section */

/* Begin PBXGroup section */
		01617FC920EE6858007BBCF8 = {
			isa = PBXGroup;
			children = (
				01617FD420EE6858007BBCF8 /* FizzBuzz */,
				01617FE920EE685A007BBCF8 /* FizzBuzzTests */,
				01617FF420EE685A007BBCF8 /* FizzBuzzUITests */,
				01617FD320EE6858007BBCF8 /* Products */,
			);
			sourceTree = "<group>";
		};
		01617FD320EE6858007BBCF8 /* Products */ = {
			isa = PBXGroup;
			children = (
				01617FD220EE6858007BBCF8 /* FizzBuzz.app */,
				01617FE620EE685A007BBCF8 /* FizzBuzzTests.xctest */,
				01617FF120EE685A007BBCF8 /* FizzBuzzUITests.xctest */,
			);
			name = Products;
			sourceTree = "<group>";
		};
		01617FD420EE6858007BBCF8 /* FizzBuzz */ = {
			isa = PBXGroup;
			children = (
				01617FD520EE6858007BBCF8 /* AppDelegate.swift */,
				01617FD720EE6858007BBCF8 /* ViewController.swift */,
				01617FD920EE6858007BBCF8 /* Main.storyboard */,
				01617FDC20EE685A007BBCF8 /* Assets.xcassets */,
				01617FDE20EE685A007BBCF8 /* LaunchScreen.storyboard */,
				01617FE120EE685A007BBCF8 /* Info.plist */,
				0161800520EE69C6007BBCF8 /* Brain.swift */,
				0161800920EE6EA9007BBCF8 /* Game.swift */,
				0161803420EE8F63007BBCF8 /* Move.swift */,
			);
			path = FizzBuzz;
			sourceTree = "<group>";
		};
		01617FE920EE685A007BBCF8 /* FizzBuzzTests */ = {
			isa = PBXGroup;
			children = (
				01617FEC20EE685A007BBCF8 /* Info.plist */,
				0161800320EE68D9007BBCF8 /* BrainTests.swift */,
				0161800720EE6E57007BBCF8 /* GameTests.swift */,
				0161803020EE87CC007BBCF8 /* ViewControllerUnitTests.swift */,
			);
			path = FizzBuzzTests;
			sourceTree = "<group>";
		};
		01617FF420EE685A007BBCF8 /* FizzBuzzUITests */ = {
			isa = PBXGroup;
			children = (
				01617FF720EE685A007BBCF8 /* Info.plist */,
				0161803220EE8C3E007BBCF8 /* ViewControllerUITests.swift */,
			);
			path = FizzBuzzUITests;
			sourceTree = "<group>";
		};
/* End PBXGroup section */

/* Begin PBXNativeTarget section */
		01617FD120EE6858007BBCF8 /* FizzBuzz */ = {
			isa = PBXNativeTarget;
			buildConfigurationList = 01617FFA20EE685A007BBCF8 /* Build configuration list for PBXNativeTarget "FizzBuzz" */;
			buildPhases = (
				01617FCE20EE6858007BBCF8 /* Sources */,
				01617FCF20EE6858007BBCF8 /* Frameworks */,
				01617FD020EE6858007BBCF8 /* Resources */,
			);
			buildRules = (
			);
			dependencies = (
			);
			name = FizzBuzz;
			productName = FizzBuzz;
			productReference = 01617FD220EE6858007BBCF8 /* FizzBuzz.app */;
			productType = "com.apple.product-type.application";
		};
		01617FE520EE685A007BBCF8 /* FizzBuzzTests */ = {
			isa = PBXNativeTarget;
			buildConfigurationList = 01617FFD20EE685A007BBCF8 /* Build configuration list for PBXNativeTarget "FizzBuzzTests" */;
			buildPhases = (
				01617FE220EE685A007BBCF8 /* Sources */,
				01617FE320EE685A007BBCF8 /* Frameworks */,
				01617FE420EE685A007BBCF8 /* Resources */,
			);
			buildRules = (
			);
			dependencies = (
				01617FE820EE685A007BBCF8 /* PBXTargetDependency */,
			);
			name = FizzBuzzTests;
			productName = FizzBuzzTests;
			productReference = 01617FE620EE685A007BBCF8 /* FizzBuzzTests.xctest */;
			productType = "com.apple.product-type.bundle.unit-test";
		};
		01617FF020EE685A007BBCF8 /* FizzBuzzUITests */ = {
			isa = PBXNativeTarget;
			buildConfigurationList = 0161800020EE685A007BBCF8 /* Build configuration list for PBXNativeTarget "FizzBuzzUITests" */;
			buildPhases = (
				01617FED20EE685A007BBCF8 /* Sources */,
				01617FEE20EE685A007BBCF8 /* Frameworks */,
				01617FEF20EE685A007BBCF8 /* Resources */,
			);
			buildRules = (
			);
			dependencies = (
				01617FF320EE685A007BBCF8 /* PBXTargetDependency */,
			);
			name = FizzBuzzUITests;
			productName = FizzBuzzUITests;
			productReference = 01617FF120EE685A007BBCF8 /* FizzBuzzUITests.xctest */;
			productType = "com.apple.product-type.bundle.ui-testing";
		};
/* End PBXNativeTarget section */

/* Begin PBXProject section */
		01617FCA20EE6858007BBCF8 /* Project object */ = {
			isa = PBXProject;
			attributes = {
				LastSwiftUpdateCheck = 0940;
				LastUpgradeCheck = 0940;
				ORGANIZATIONNAME = nick.shi;
				TargetAttributes = {
					01617FD120EE6858007BBCF8 = {
						CreatedOnToolsVersion = 9.4.1;
					};
					01617FE520EE685A007BBCF8 = {
						CreatedOnToolsVersion = 9.4.1;
						LastSwiftMigration = 0940;
						TestTargetID = 01617FD120EE6858007BBCF8;
					};
					01617FF020EE685A007BBCF8 = {
						CreatedOnToolsVersion = 9.4.1;
						LastSwiftMigration = 0940;
						TestTargetID = 01617FD120EE6858007BBCF8;
					};
				};
			};
			buildConfigurationList = 01617FCD20EE6858007BBCF8 /* Build configuration list for PBXProject "FizzBuzz" */;
			compatibilityVersion = "Xcode 9.3";
			developmentRegion = en;
			hasScannedForEncodings = 0;
			knownRegions = (
				en,
				Base,
			);
			mainGroup = 01617FC920EE6858007BBCF8;
			productRefGroup = 01617FD320EE6858007BBCF8 /* Products */;
			projectDirPath = "";
			projectRoot = "";
			targets = (
				01617FD120EE6858007BBCF8 /* FizzBuzz */,
				01617FE520EE685A007BBCF8 /* FizzBuzzTests */,
				01617FF020EE685A007BBCF8 /* FizzBuzzUITests */,
			);
		};
/* End PBXProject section */

/* Begin PBXResourcesBuildPhase section */
		01617FD020EE6858007BBCF8 /* Resources */ = {
			isa = PBXResourcesBuildPhase;
			buildActionMask = 2147483647;
			files = (
				01617FE020EE685A007BBCF8 /* LaunchScreen.storyboard in Resources */,
				01617FDD20EE685A007BBCF8 /* Assets.xcassets in Resources */,
				01617FDB20EE6858007BBCF8 /* Main.storyboard in Resources */,
			);
			runOnlyForDeploymentPostprocessing = 0;
		};
		01617FE420EE685A007BBCF8 /* Resources */ = {
			isa = PBXResourcesBuildPhase;
			buildActionMask = 2147483647;
			files = (
			);
			runOnlyForDeploymentPostprocessing = 0;
		};
		01617FEF20EE685A007BBCF8 /* Resources */ = {
			isa = PBXResourcesBuildPhase;
			buildActionMask = 2147483647;
			files = (
			);
			runOnlyForDeploymentPostprocessing = 0;
		};
/* End PBXResourcesBuildPhase section */

/* Begin PBXSourcesBuildPhase section */
		01617FCE20EE6858007BBCF8 /* Sources */ = {
			isa = PBXSourcesBuildPhase;
			buildActionMask = 2147483647;
			files = (
				0161803520EE8F63007BBCF8 /* Move.swift in Sources */,
				01617FD820EE6858007BBCF8 /* ViewController.swift in Sources */,
				0161800620EE69C6007BBCF8 /* Brain.swift in Sources */,
				01617FD620EE6858007BBCF8 /* AppDelegate.swift in Sources */,
				0161800A20EE6EA9007BBCF8 /* Game.swift in Sources */,
			);
			runOnlyForDeploymentPostprocessing = 0;
		};
		01617FE220EE685A007BBCF8 /* Sources */ = {
			isa = PBXSourcesBuildPhase;
			buildActionMask = 2147483647;
			files = (
				0161800420EE68D9007BBCF8 /* BrainTests.swift in Sources */,
				0161800820EE6E57007BBCF8 /* GameTests.swift in Sources */,
				0161803120EE87CC007BBCF8 /* ViewControllerUnitTests.swift in Sources */,
			);
			runOnlyForDeploymentPostprocessing = 0;
		};
		01617FED20EE685A007BBCF8 /* Sources */ = {
			isa = PBXSourcesBuildPhase;
			buildActionMask = 2147483647;
			files = (
				0161803320EE8C3E007BBCF8 /* ViewControllerUITests.swift in Sources */,
			);
			runOnlyForDeploymentPostprocessing = 0;
		};
/* End PBXSourcesBuildPhase section */

/* Begin PBXTargetDependency section */
		01617FE820EE685A007BBCF8 /* PBXTargetDependency */ = {
			isa = PBXTargetDependency;
			target = 01617FD120EE6858007BBCF8 /* FizzBuzz */;
			targetProxy = 01617FE720EE685A007BBCF8 /* PBXContainerItemProxy */;
		};
		01617FF320EE685A007BBCF8 /* PBXTargetDependency */ = {
			isa = PBXTargetDependency;
			target = 01617FD120EE6858007BBCF8 /* FizzBuzz */;
			targetProxy = 01617FF220EE685A007BBCF8 /* PBXContainerItemProxy */;
		};
/* End PBXTargetDependency section */

/* Begin PBXVariantGroup section */
		01617FD920EE6858007BBCF8 /* Main.storyboard */ = {
			isa = PBXVariantGroup;
			children = (
				01617FDA20EE6858007BBCF8 /* Base */,
			);
			name = Main.storyboard;
			sourceTree = "<group>";
		};
		01617FDE20EE685A007BBCF8 /* LaunchScreen.storyboard */ = {
			isa = PBXVariantGroup;
			children = (
				01617FDF20EE685A007BBCF8 /* Base */,
			);
			name = LaunchScreen.storyboard;
			sourceTree = "<group>";
		};
/* End PBXVariantGroup section */

/* Begin XCBuildConfiguration section */
		01617FF820EE685A007BBCF8 /* Debug */ = {
			isa = XCBuildConfiguration;
			buildSettings = {
				ALWAYS_SEARCH_USER_PATHS = NO;
				CLANG_ANALYZER_NONNULL = YES;
				CLANG_ANALYZER_NUMBER_OBJECT_CONVERSION = YES_AGGRESSIVE;
				CLANG_CXX_LANGUAGE_STANDARD = "gnu++14";
				CLANG_CXX_LIBRARY = "libc++";
				CLANG_ENABLE_MODULES = YES;
				CLANG_ENABLE_OBJC_ARC = YES;
				CLANG_ENABLE_OBJC_WEAK = YES;
				CLANG_WARN_BLOCK_CAPTURE_AUTORELEASING = YES;
				CLANG_WARN_BOOL_CONVERSION = YES;
				CLANG_WARN_COMMA = YES;
				CLANG_WARN_CONSTANT_CONVERSION = YES;
				CLANG_WARN_DEPRECATED_OBJC_IMPLEMENTATIONS = YES;
				CLANG_WARN_DIRECT_OBJC_ISA_USAGE = YES_ERROR;
				CLANG_WARN_DOCUMENTATION_COMMENTS = YES;
				CLANG_WARN_EMPTY_BODY = YES;
				CLANG_WARN_ENUM_CONVERSION = YES;
				CLANG_WARN_INFINITE_RECURSION = YES;
				CLANG_WARN_INT_CONVERSION = YES;
				CLANG_WARN_NON_LITERAL_NULL_CONVERSION = YES;
				CLANG_WARN_OBJC_IMPLICIT_RETAIN_SELF = YES;
				CLANG_WARN_OBJC_LITERAL_CONVERSION = YES;
				CLANG_WARN_OBJC_ROOT_CLASS = YES_ERROR;
				CLANG_WARN_RANGE_LOOP_ANALYSIS = YES;
				CLANG_WARN_STRICT_PROTOTYPES = YES;
				CLANG_WARN_SUSPICIOUS_MOVE = YES;
				CLANG_WARN_UNGUARDED_AVAILABILITY = YES_AGGRESSIVE;
				CLANG_WARN_UNREACHABLE_CODE = YES;
				CLANG_WARN__DUPLICATE_METHOD_MATCH = YES;
				CODE_SIGN_IDENTITY = "iPhone Developer";
				COPY_PHASE_STRIP = NO;
				DEBUG_INFORMATION_FORMAT = dwarf;
				ENABLE_STRICT_OBJC_MSGSEND = YES;
				ENABLE_TESTABILITY = YES;
				GCC_C_LANGUAGE_STANDARD = gnu11;
				GCC_DYNAMIC_NO_PIC = NO;
				GCC_NO_COMMON_BLOCKS = YES;
				GCC_OPTIMIZATION_LEVEL = 0;
				GCC_PREPROCESSOR_DEFINITIONS = (
					"DEBUG=1",
					"$(inherited)",
				);
				GCC_WARN_64_TO_32_BIT_CONVERSION = YES;
				GCC_WARN_ABOUT_RETURN_TYPE = YES_ERROR;
				GCC_WARN_UNDECLARED_SELECTOR = YES;
				GCC_WARN_UNINITIALIZED_AUTOS = YES_AGGRESSIVE;
				GCC_WARN_UNUSED_FUNCTION = YES;
				GCC_WARN_UNUSED_VARIABLE = YES;
				IPHONEOS_DEPLOYMENT_TARGET = 11.4;
				MTL_ENABLE_DEBUG_INFO = YES;
				ONLY_ACTIVE_ARCH = YES;
				SDKROOT = iphoneos;
				SWIFT_ACTIVE_COMPILATION_CONDITIONS = DEBUG;
				SWIFT_OPTIMIZATION_LEVEL = "-Onone";
			};
			name = Debug;
		};
		01617FF920EE685A007BBCF8 /* Release */ = {
			isa = XCBuildConfiguration;
			buildSettings = {
				ALWAYS_SEARCH_USER_PATHS = NO;
				CLANG_ANALYZER_NONNULL = YES;
				CLANG_ANALYZER_NUMBER_OBJECT_CONVERSION = YES_AGGRESSIVE;
				CLANG_CXX_LANGUAGE_STANDARD = "gnu++14";
				CLANG_CXX_LIBRARY = "libc++";
				CLANG_ENABLE_MODULES = YES;
				CLANG_ENABLE_OBJC_ARC = YES;
				CLANG_ENABLE_OBJC_WEAK = YES;
				CLANG_WARN_BLOCK_CAPTURE_AUTORELEASING = YES;
				CLANG_WARN_BOOL_CONVERSION = YES;
				CLANG_WARN_COMMA = YES;
				CLANG_WARN_CONSTANT_CONVERSION = YES;
				CLANG_WARN_DEPRECATED_OBJC_IMPLEMENTATIONS = YES;
				CLANG_WARN_DIRECT_OBJC_ISA_USAGE = YES_ERROR;
				CLANG_WARN_DOCUMENTATION_COMMENTS = YES;
				CLANG_WARN_EMPTY_BODY = YES;
				CLANG_WARN_ENUM_CONVERSION = YES;
				CLANG_WARN_INFINITE_RECURSION = YES;
				CLANG_WARN_INT_CONVERSION = YES;
				CLANG_WARN_NON_LITERAL_NULL_CONVERSION = YES;
				CLANG_WARN_OBJC_IMPLICIT_RETAIN_SELF = YES;
				CLANG_WARN_OBJC_LITERAL_CONVERSION = YES;
				CLANG_WARN_OBJC_ROOT_CLASS = YES_ERROR;
				CLANG_WARN_RANGE_LOOP_ANALYSIS = YES;
				CLANG_WARN_STRICT_PROTOTYPES = YES;
				CLANG_WARN_SUSPICIOUS_MOVE = YES;
				CLANG_WARN_UNGUARDED_AVAILABILITY = YES_AGGRESSIVE;
				CLANG_WARN_UNREACHABLE_CODE = YES;
				CLANG_WARN__DUPLICATE_METHOD_MATCH = YES;
				CODE_SIGN_IDENTITY = "iPhone Developer";
				COPY_PHASE_STRIP = NO;
				DEBUG_INFORMATION_FORMAT = "dwarf-with-dsym";
				ENABLE_NS_ASSERTIONS = NO;
				ENABLE_STRICT_OBJC_MSGSEND = YES;
				GCC_C_LANGUAGE_STANDARD = gnu11;
				GCC_NO_COMMON_BLOCKS = YES;
				GCC_WARN_64_TO_32_BIT_CONVERSION = YES;
				GCC_WARN_ABOUT_RETURN_TYPE = YES_ERROR;
				GCC_WARN_UNDECLARED_SELECTOR = YES;
				GCC_WARN_UNINITIALIZED_AUTOS = YES_AGGRESSIVE;
				GCC_WARN_UNUSED_FUNCTION = YES;
				GCC_WARN_UNUSED_VARIABLE = YES;
				IPHONEOS_DEPLOYMENT_TARGET = 11.4;
				MTL_ENABLE_DEBUG_INFO = NO;
				SDKROOT = iphoneos;
				SWIFT_COMPILATION_MODE = wholemodule;
				SWIFT_OPTIMIZATION_LEVEL = "-O";
				VALIDATE_PRODUCT = YES;
			};
			name = Release;
		};
		01617FFB20EE685A007BBCF8 /* Debug */ = {
			isa = XCBuildConfiguration;
			buildSettings = {
				ASSETCATALOG_COMPILER_APPICON_NAME = AppIcon;
				CODE_SIGN_STYLE = Automatic;
				DEVELOPMENT_TEAM = SLDK8SD282;
				INFOPLIST_FILE = FizzBuzz/Info.plist;
				LD_RUNPATH_SEARCH_PATHS = (
					"$(inherited)",
					"@executable_path/Frameworks",
				);
				PRODUCT_BUNDLE_IDENTIFIER = com.nick.FizzBuzz;
				PRODUCT_NAME = "$(TARGET_NAME)";
				SWIFT_VERSION = 4.0;
				TARGETED_DEVICE_FAMILY = "1,2";
			};
			name = Debug;
		};
		01617FFC20EE685A007BBCF8 /* Release */ = {
			isa = XCBuildConfiguration;
			buildSettings = {
				ASSETCATALOG_COMPILER_APPICON_NAME = AppIcon;
				CODE_SIGN_STYLE = Automatic;
				DEVELOPMENT_TEAM = SLDK8SD282;
				INFOPLIST_FILE = FizzBuzz/Info.plist;
				LD_RUNPATH_SEARCH_PATHS = (
					"$(inherited)",
					"@executable_path/Frameworks",
				);
				PRODUCT_BUNDLE_IDENTIFIER = com.nick.FizzBuzz;
				PRODUCT_NAME = "$(TARGET_NAME)";
				SWIFT_VERSION = 4.0;
				TARGETED_DEVICE_FAMILY = "1,2";
			};
			name = Release;
		};
		01617FFE20EE685A007BBCF8 /* Debug */ = {
			isa = XCBuildConfiguration;
			buildSettings = {
				ALWAYS_EMBED_SWIFT_STANDARD_LIBRARIES = YES;
				BUNDLE_LOADER = "$(TEST_HOST)";
				CLANG_ENABLE_MODULES = YES;
				CODE_SIGN_STYLE = Automatic;
				DEVELOPMENT_TEAM = JV4K4AEVUU;
				INFOPLIST_FILE = FizzBuzzTests/Info.plist;
				LD_RUNPATH_SEARCH_PATHS = (
					"$(inherited)",
					"@executable_path/Frameworks",
					"@loader_path/Frameworks",
				);
				PRODUCT_BUNDLE_IDENTIFIER = com.nick.FizzBuzzTests;
				PRODUCT_NAME = "$(TARGET_NAME)";
				SWIFT_OPTIMIZATION_LEVEL = "-Onone";
				SWIFT_VERSION = 4.0;
				TARGETED_DEVICE_FAMILY = "1,2";
				TEST_HOST = "$(BUILT_PRODUCTS_DIR)/FizzBuzz.app/FizzBuzz";
			};
			name = Debug;
		};
		01617FFF20EE685A007BBCF8 /* Release */ = {
			isa = XCBuildConfiguration;
			buildSettings = {
				ALWAYS_EMBED_SWIFT_STANDARD_LIBRARIES = YES;
				BUNDLE_LOADER = "$(TEST_HOST)";
				CLANG_ENABLE_MODULES = YES;
				CODE_SIGN_STYLE = Automatic;
				DEVELOPMENT_TEAM = JV4K4AEVUU;
				INFOPLIST_FILE = FizzBuzzTests/Info.plist;
				LD_RUNPATH_SEARCH_PATHS = (
					"$(inherited)",
					"@executable_path/Frameworks",
					"@loader_path/Frameworks",
				);
				PRODUCT_BUNDLE_IDENTIFIER = com.nick.FizzBuzzTests;
				PRODUCT_NAME = "$(TARGET_NAME)";
				SWIFT_VERSION = 4.0;
				TARGETED_DEVICE_FAMILY = "1,2";
				TEST_HOST = "$(BUILT_PRODUCTS_DIR)/FizzBuzz.app/FizzBuzz";
			};
			name = Release;
		};
		0161800120EE685A007BBCF8 /* Debug */ = {
			isa = XCBuildConfiguration;
			buildSettings = {
				ALWAYS_EMBED_SWIFT_STANDARD_LIBRARIES = YES;
				CLANG_ENABLE_MODULES = YES;
				CODE_SIGN_STYLE = Automatic;
				DEVELOPMENT_TEAM = JV4K4AEVUU;
				INFOPLIST_FILE = FizzBuzzUITests/Info.plist;
				LD_RUNPATH_SEARCH_PATHS = (
					"$(inherited)",
					"@executable_path/Frameworks",
					"@loader_path/Frameworks",
				);
				PRODUCT_BUNDLE_IDENTIFIER = com.nick.FizzBuzzUITests;
				PRODUCT_NAME = "$(TARGET_NAME)";
				SWIFT_OPTIMIZATION_LEVEL = "-Onone";
				SWIFT_VERSION = 4.0;
				TARGETED_DEVICE_FAMILY = "1,2";
				TEST_TARGET_NAME = FizzBuzz;
			};
			name = Debug;
		};
		0161800220EE685A007BBCF8 /* Release */ = {
			isa = XCBuildConfiguration;
			buildSettings = {
				ALWAYS_EMBED_SWIFT_STANDARD_LIBRARIES = YES;
				CLANG_ENABLE_MODULES = YES;
				CODE_SIGN_STYLE = Automatic;
				DEVELOPMENT_TEAM = JV4K4AEVUU;
				INFOPLIST_FILE = FizzBuzzUITests/Info.plist;
				LD_RUNPATH_SEARCH_PATHS = (
					"$(inherited)",
					"@executable_path/Frameworks",
					"@loader_path/Frameworks",
				);
				PRODUCT_BUNDLE_IDENTIFIER = com.nick.FizzBuzzUITests;
				PRODUCT_NAME = "$(TARGET_NAME)";
				SWIFT_VERSION = 4.0;
				TARGETED_DEVICE_FAMILY = "1,2";
				TEST_TARGET_NAME = FizzBuzz;
			};
			name = Release;
		};
/* End XCBuildConfiguration section */

/* Begin XCConfigurationList section */
		01617FCD20EE6858007BBCF8 /* Build configuration list for PBXProject "FizzBuzz" */ = {
			isa = XCConfigurationList;
			buildConfigurations = (
				01617FF820EE685A007BBCF8 /* Debug */,
				01617FF920EE685A007BBCF8 /* Release */,
			);
			defaultConfigurationIsVisible = 0;
			defaultConfigurationName = Release;
		};
		01617FFA20EE685A007BBCF8 /* Build configuration list for PBXNativeTarget "FizzBuzz" */ = {
			isa = XCConfigurationList;
			buildConfigurations = (
				01617FFB20EE685A007BBCF8 /* Debug */,
				01617FFC20EE685A007BBCF8 /* Release */,
			);
			defaultConfigurationIsVisible = 0;
			defaultConfigurationName = Release;
		};
		01617FFD20EE685A007BBCF8 /* Build configuration list for PBXNativeTarget "FizzBuzzTests" */ = {
			isa = XCConfigurationList;
			buildConfigurations = (
				01617FFE20EE685A007BBCF8 /* Debug */,
				01617FFF20EE685A007BBCF8 /* Release */,
			);
			defaultConfigurationIsVisible = 0;
			defaultConfigurationName = Release;
		};
		0161800020EE685A007BBCF8 /* Build configuration list for PBXNativeTarget "FizzBuzzUITests" */ = {
			isa = XCConfigurationList;
			buildConfigurations = (
				0161800120EE685A007BBCF8 /* Debug */,
				0161800220EE685A007BBCF8 /* Release */,
			);
			defaultConfigurationIsVisible = 0;
			defaultConfigurationName = Release;
		};
/* End XCConfigurationList section */
	};
	rootObject = 01617FCA20EE6858007BBCF8 /* Project object */;
}
